
Microsoft Visual Studio Solution File, Format Version 12.00
# Visual Studio 15
VisualStudioVersion = 15.0.33801.198
MinimumVisualStudioVersion = 10.0.40219.1
Project("{9A19103F-16F7-4668-BE54-9A1E7A4F7556}") = "TodoList", "TodoList\TodoList.csproj", "{082F2FC9-84C3-47DF-8586-BB4CAEFFC6BE}"
EndProject
Project("{9A19103F-16F7-4668-BE54-9A1E7A4F7556}") = "TodoList.Entities", "TodoList.Entities\TodoList.Entities.csproj", "{CF175101-2C03-45F6-94D7-9CA800A6838A}"
EndProject
Project("{9A19103F-16F7-4668-BE54-9A1E7A4F7556}") = "TodoList.DataAccess", "TodoList.DataAccess\TodoList.DataAccess.csproj", "{A2634280-E726-4EFF-870C-E5CAB6270A2A}"
EndProject
Project("{9A19103F-16F7-4668-BE54-9A1E7A4F7556}") = "TodoList.Business", "TodoList.Business\TodoList.Business.csproj", "{9F6A85D5-AE6C-454D-BD5A-A9E996C2F5C0}"
EndProject
Global
	GlobalSection(SolutionConfigurationPlatforms) = preSolution
		Debug|Any CPU = Debug|Any CPU
		Release|Any CPU = Release|Any CPU
	EndGlobalSection
	GlobalSection(ProjectConfigurationPlatforms) = postSolution
		{082F2FC9-84C3-47DF-8586-BB4CAEFFC6BE}.Debug|Any CPU.ActiveCfg = Debug|Any CPU
		{082F2FC9-84C3-47DF-8586-BB4CAEFFC6BE}.Debug|Any CPU.Build.0 = Debug|Any CPU
		{082F2FC9-84C3-47DF-8586-BB4CAEFFC6BE}.Release|Any CPU.ActiveCfg = Release|Any CPU
		{082F2FC9-84C3-47DF-8586-BB4CAEFFC6BE}.Release|Any CPU.Build.0 = Release|Any CPU
		{CF175101-2C03-45F6-94D7-9CA800A6838A}.Debug|Any CPU.ActiveCfg = Debug|Any CPU
		{CF175101-2C03-45F6-94D7-9CA800A6838A}.Debug|Any CPU.Build.0 = Debug|Any CPU
		{CF175101-2C03-45F6-94D7-9CA800A6838A}.Release|Any CPU.ActiveCfg = Release|Any CPU
		{CF175101-2C03-45F6-94D7-9CA800A6838A}.Release|Any CPU.Build.0 = Release|Any CPU
		{A2634280-E726-4EFF-870C-E5CAB6270A2A}.Debug|Any CPU.ActiveCfg = Debug|Any CPU
		{A2634280-E726-4EFF-870C-E5CAB6270A2A}.Debug|Any CPU.Build.0 = Debug|Any CPU
		{A2634280-E726-4EFF-870C-E5CAB6270A2A}.Release|Any CPU.ActiveCfg = Release|Any CPU
		{A2634280-E726-4EFF-870C-E5CAB6270A2A}.Release|Any CPU.Build.0 = Release|Any CPU
		{9F6A85D5-AE6C-454D-BD5A-A9E996C2F5C0}.Debug|Any CPU.ActiveCfg = Debug|Any CPU
		{9F6A85D5-AE6C-454D-BD5A-A9E996C2F5C0}.Debug|Any CPU.Build.0 = Debug|Any CPU
		{9F6A85D5-AE6C-454D-BD5A-A9E996C2F5C0}.Release|Any CPU.ActiveCfg = Release|Any CPU
		{9F6A85D5-AE6C-454D-BD5A-A9E996C2F5C0}.Release|Any CPU.Build.0 = Release|Any CPU
	EndGlobalSection
	GlobalSection(SolutionProperties) = preSolution
		HideSolutionNode = FALSE
	EndGlobalSection
	GlobalSection(ExtensibilityGlobals) = postSolution
		SolutionGuid = {A95A9A0E-7204-4514-A83C-1A21AE2FDF4C}
	EndGlobalSection
EndGlobal
